
Microsoft Visual Studio Solution File, Format Version 12.00
# Visual Studio Version 16
VisualStudioVersion = 16.0.29123.88
MinimumVisualStudioVersion = 10.0.40219.1
Project("{9A19103F-16F7-4668-BE54-9A1E7A4F7556}") = "RentCars.Web", "RentCars.Web\RentCars.Web.csproj", "{02A3DBF5-842A-490B-9731-5D4A13651656}"
EndProject
Project("{FAE04EC0-301F-11D3-BF4B-00C04F79EFBC}") = "RentCars.Lib", "RentCars.Lib\RentCars.Lib.csproj", "{64E3B709-557F-4E58-9086-0EA2ABB45D83}"
EndProject
Project("{FAE04EC0-301F-11D3-BF4B-00C04F79EFBC}") = "RentCars.Lib.DAL", "RentCars.Lib.DAL\RentCars.Lib.DAL.csproj", "{0185B355-65F4-40D2-8096-7CBF796F89F3}"
EndProject
Global
	GlobalSection(SolutionConfigurationPlatforms) = preSolution
		Debug|Any CPU = Debug|Any CPU
		Release|Any CPU = Release|Any CPU
	EndGlobalSection
	GlobalSection(ProjectConfigurationPlatforms) = postSolution
		{02A3DBF5-842A-490B-9731-5D4A13651656}.Debug|Any CPU.ActiveCfg = Debug|Any CPU
		{02A3DBF5-842A-490B-9731-5D4A13651656}.Debug|Any CPU.Build.0 = Debug|Any CPU
		{02A3DBF5-842A-490B-9731-5D4A13651656}.Release|Any CPU.ActiveCfg = Release|Any CPU
		{02A3DBF5-842A-490B-9731-5D4A13651656}.Release|Any CPU.Build.0 = Release|Any CPU
		{64E3B709-557F-4E58-9086-0EA2ABB45D83}.Debug|Any CPU.ActiveCfg = Debug|Any CPU
		{64E3B709-557F-4E58-9086-0EA2ABB45D83}.Debug|Any CPU.Build.0 = Debug|Any CPU
		{64E3B709-557F-4E58-9086-0EA2ABB45D83}.Release|Any CPU.ActiveCfg = Release|Any CPU
		{64E3B709-557F-4E58-9086-0EA2ABB45D83}.Release|Any CPU.Build.0 = Release|Any CPU
		{0185B355-65F4-40D2-8096-7CBF796F89F3}.Debug|Any CPU.ActiveCfg = Debug|Any CPU
		{0185B355-65F4-40D2-8096-7CBF796F89F3}.Debug|Any CPU.Build.0 = Debug|Any CPU
		{0185B355-65F4-40D2-8096-7CBF796F89F3}.Release|Any CPU.ActiveCfg = Release|Any CPU
		{0185B355-65F4-40D2-8096-7CBF796F89F3}.Release|Any CPU.Build.0 = Release|Any CPU
	EndGlobalSection
	GlobalSection(SolutionProperties) = preSolution
		HideSolutionNode = FALSE
	EndGlobalSection
	GlobalSection(ExtensibilityGlobals) = postSolution
		SolutionGuid = {2BC3C219-C77D-4D22-A99D-6B76D8F2BA41}
	EndGlobalSection
EndGlobal
